// !$*UTF8*$!
{
	archiveVersion = 1;
	classes = {
	};
	objectVersion = 56;
	objects = {

/* Begin PBXBuildFile section */
		0CEDAF3429DAB1110094C4F8 /* Got_thingApp.swift in Sources */ = {isa = PBXBuildFile; fileRef = 0CEDAF3329DAB1110094C4F8 /* Got_thingApp.swift */; };
		0CEDAF3629DAB1110094C4F8 /* ContentView.swift in Sources */ = {isa = PBXBuildFile; fileRef = 0CEDAF3529DAB1110094C4F8 /* ContentView.swift */; };
		0CEDAF3829DAB1120094C4F8 /* Assets.xcassets in Resources */ = {isa = PBXBuildFile; fileRef = 0CEDAF3729DAB1120094C4F8 /* Assets.xcassets */; };
		0CEDAF3B29DAB1120094C4F8 /* Preview Assets.xcassets in Resources */ = {isa = PBXBuildFile; fileRef = 0CEDAF3A29DAB1120094C4F8 /* Preview Assets.xcassets */; };
		0CEDAF4629DAB21F0094C4F8 /* Constants.swift in Sources */ = {isa = PBXBuildFile; fileRef = 0CEDAF4529DAB21F0094C4F8 /* Constants.swift */; };
		0CEDAF4829DAB2680094C4F8 /* Ex+Color.swift in Sources */ = {isa = PBXBuildFile; fileRef = 0CEDAF4729DAB2680094C4F8 /* Ex+Color.swift */; };
		0CEDAF4A29DAB2BF0094C4F8 /* Ex+Date.swift in Sources */ = {isa = PBXBuildFile; fileRef = 0CEDAF4929DAB2BF0094C4F8 /* Ex+Date.swift */; };
		0CEDAF4C29DAB2E60094C4F8 /* Ex+EmptyPlaceholder.swift in Sources */ = {isa = PBXBuildFile; fileRef = 0CEDAF4B29DAB2E60094C4F8 /* Ex+EmptyPlaceholder.swift */; };
		0CEDAF4E29DAB2EA0094C4F8 /* Ex+String.swift in Sources */ = {isa = PBXBuildFile; fileRef = 0CEDAF4D29DAB2EA0094C4F8 /* Ex+String.swift */; };
		0CEDAF5029DAB2EF0094C4F8 /* Ex+View.swift in Sources */ = {isa = PBXBuildFile; fileRef = 0CEDAF4F29DAB2EF0094C4F8 /* Ex+View.swift */; };
		0CEDAF5429DAB3490094C4F8 /* BtnModifier.swift in Sources */ = {isa = PBXBuildFile; fileRef = 0CEDAF5329DAB3490094C4F8 /* BtnModifier.swift */; };
		0CEDAF5629DAB3510094C4F8 /* TextFieldModifier.swift in Sources */ = {isa = PBXBuildFile; fileRef = 0CEDAF5529DAB3510094C4F8 /* TextFieldModifier.swift */; };
		0CEDAF5D29DAB4BC0094C4F8 /* KakaoAuth.swift in Sources */ = {isa = PBXBuildFile; fileRef = 0CEDAF5C29DAB4BC0094C4F8 /* KakaoAuth.swift */; };
		0CEDAF5F29DAB4C80094C4F8 /* AppleAuth.swift in Sources */ = {isa = PBXBuildFile; fileRef = 0CEDAF5E29DAB4C80094C4F8 /* AppleAuth.swift */; };
		0CEDAF6529DAB75D0094C4F8 /* MyPageMainView.swift in Sources */ = {isa = PBXBuildFile; fileRef = 0CEDAF6429DAB75D0094C4F8 /* MyPageMainView.swift */; };
		0CEDAF6729DAB77B0094C4F8 /* ChatListView.swift in Sources */ = {isa = PBXBuildFile; fileRef = 0CEDAF6629DAB77B0094C4F8 /* ChatListView.swift */; };
		0CEDAF6929DAB7940094C4F8 /* HomeView.swift in Sources */ = {isa = PBXBuildFile; fileRef = 0CEDAF6829DAB7940094C4F8 /* HomeView.swift */; };
		0CEDAF6E29DAB7F00094C4F8 /* HomeViewModel.swift in Sources */ = {isa = PBXBuildFile; fileRef = 0CEDAF6D29DAB7F00094C4F8 /* HomeViewModel.swift */; };
		0CEDAF7029DAB7FA0094C4F8 /* MyPageViewModel.swift in Sources */ = {isa = PBXBuildFile; fileRef = 0CEDAF6F29DAB7FA0094C4F8 /* MyPageViewModel.swift */; };
		0CEDAF7229DAB8050094C4F8 /* ChatViewModel.swift in Sources */ = {isa = PBXBuildFile; fileRef = 0CEDAF7129DAB8050094C4F8 /* ChatViewModel.swift */; };
		0CEDAF7429DAB83B0094C4F8 /* User.swift in Sources */ = {isa = PBXBuildFile; fileRef = 0CEDAF7329DAB83B0094C4F8 /* User.swift */; };
		0CEDAF7729DBE1D90094C4F8 /* KakaoSDKAuth in Frameworks */ = {isa = PBXBuildFile; productRef = 0CEDAF7629DBE1D90094C4F8 /* KakaoSDKAuth */; };
		0CEDAF7929DBE1D90094C4F8 /* KakaoSDKCommon in Frameworks */ = {isa = PBXBuildFile; productRef = 0CEDAF7829DBE1D90094C4F8 /* KakaoSDKCommon */; };
		0CEDAF7B29DBE1D90094C4F8 /* KakaoSDKUser in Frameworks */ = {isa = PBXBuildFile; productRef = 0CEDAF7A29DBE1D90094C4F8 /* KakaoSDKUser */; };
		0CEDAF7E29DBE2720094C4F8 /* GoogleSignIn in Frameworks */ = {isa = PBXBuildFile; productRef = 0CEDAF7D29DBE2720094C4F8 /* GoogleSignIn */; };
		0CEDAF8029DBE2720094C4F8 /* GoogleSignInSwift in Frameworks */ = {isa = PBXBuildFile; productRef = 0CEDAF7F29DBE2720094C4F8 /* GoogleSignInSwift */; };
		0CEDAF8329DBE3AF0094C4F8 /* Kingfisher in Frameworks */ = {isa = PBXBuildFile; productRef = 0CEDAF8229DBE3AF0094C4F8 /* Kingfisher */; };
		0CEDAF8629DD00A70094C4F8 /* AuthView.swift in Sources */ = {isa = PBXBuildFile; fileRef = 0CEDAF8529DD00A70094C4F8 /* AuthView.swift */; };
/* End PBXBuildFile section */

/* Begin PBXFileReference section */
		0CEDAF3029DAB1110094C4F8 /* Got_thing.app */ = {isa = PBXFileReference; explicitFileType = wrapper.application; includeInIndex = 0; path = Got_thing.app; sourceTree = BUILT_PRODUCTS_DIR; };
		0CEDAF3329DAB1110094C4F8 /* Got_thingApp.swift */ = {isa = PBXFileReference; lastKnownFileType = sourcecode.swift; path = Got_thingApp.swift; sourceTree = "<group>"; };
		0CEDAF3529DAB1110094C4F8 /* ContentView.swift */ = {isa = PBXFileReference; lastKnownFileType = sourcecode.swift; path = ContentView.swift; sourceTree = "<group>"; };
		0CEDAF3729DAB1120094C4F8 /* Assets.xcassets */ = {isa = PBXFileReference; lastKnownFileType = folder.assetcatalog; path = Assets.xcassets; sourceTree = "<group>"; };
		0CEDAF3A29DAB1120094C4F8 /* Preview Assets.xcassets */ = {isa = PBXFileReference; lastKnownFileType = folder.assetcatalog; path = "Preview Assets.xcassets"; sourceTree = "<group>"; };
		0CEDAF4529DAB21F0094C4F8 /* Constants.swift */ = {isa = PBXFileReference; lastKnownFileType = sourcecode.swift; path = Constants.swift; sourceTree = "<group>"; };
		0CEDAF4729DAB2680094C4F8 /* Ex+Color.swift */ = {isa = PBXFileReference; lastKnownFileType = sourcecode.swift; path = "Ex+Color.swift"; sourceTree = "<group>"; };
		0CEDAF4929DAB2BF0094C4F8 /* Ex+Date.swift */ = {isa = PBXFileReference; fileEncoding = 4; lastKnownFileType = sourcecode.swift; path = "Ex+Date.swift"; sourceTree = "<group>"; };
		0CEDAF4B29DAB2E60094C4F8 /* Ex+EmptyPlaceholder.swift */ = {isa = PBXFileReference; fileEncoding = 4; lastKnownFileType = sourcecode.swift; path = "Ex+EmptyPlaceholder.swift"; sourceTree = "<group>"; };
		0CEDAF4D29DAB2EA0094C4F8 /* Ex+String.swift */ = {isa = PBXFileReference; fileEncoding = 4; lastKnownFileType = sourcecode.swift; path = "Ex+String.swift"; sourceTree = "<group>"; };
		0CEDAF4F29DAB2EF0094C4F8 /* Ex+View.swift */ = {isa = PBXFileReference; fileEncoding = 4; lastKnownFileType = sourcecode.swift; path = "Ex+View.swift"; sourceTree = "<group>"; };
		0CEDAF5329DAB3490094C4F8 /* BtnModifier.swift */ = {isa = PBXFileReference; fileEncoding = 4; lastKnownFileType = sourcecode.swift; path = BtnModifier.swift; sourceTree = "<group>"; };
		0CEDAF5529DAB3510094C4F8 /* TextFieldModifier.swift */ = {isa = PBXFileReference; fileEncoding = 4; lastKnownFileType = sourcecode.swift; path = TextFieldModifier.swift; sourceTree = "<group>"; };
		0CEDAF5C29DAB4BC0094C4F8 /* KakaoAuth.swift */ = {isa = PBXFileReference; lastKnownFileType = sourcecode.swift; path = KakaoAuth.swift; sourceTree = "<group>"; };
		0CEDAF5E29DAB4C80094C4F8 /* AppleAuth.swift */ = {isa = PBXFileReference; lastKnownFileType = sourcecode.swift; path = AppleAuth.swift; sourceTree = "<group>"; };
		0CEDAF6429DAB75D0094C4F8 /* MyPageMainView.swift */ = {isa = PBXFileReference; lastKnownFileType = sourcecode.swift; path = MyPageMainView.swift; sourceTree = "<group>"; };
		0CEDAF6629DAB77B0094C4F8 /* ChatListView.swift */ = {isa = PBXFileReference; lastKnownFileType = sourcecode.swift; path = ChatListView.swift; sourceTree = "<group>"; };
		0CEDAF6829DAB7940094C4F8 /* HomeView.swift */ = {isa = PBXFileReference; lastKnownFileType = sourcecode.swift; path = HomeView.swift; sourceTree = "<group>"; };
		0CEDAF6D29DAB7F00094C4F8 /* HomeViewModel.swift */ = {isa = PBXFileReference; lastKnownFileType = sourcecode.swift; path = HomeViewModel.swift; sourceTree = "<group>"; };
		0CEDAF6F29DAB7FA0094C4F8 /* MyPageViewModel.swift */ = {isa = PBXFileReference; lastKnownFileType = sourcecode.swift; path = MyPageViewModel.swift; sourceTree = "<group>"; };
		0CEDAF7129DAB8050094C4F8 /* ChatViewModel.swift */ = {isa = PBXFileReference; lastKnownFileType = sourcecode.swift; path = ChatViewModel.swift; sourceTree = "<group>"; };
		0CEDAF7329DAB83B0094C4F8 /* User.swift */ = {isa = PBXFileReference; lastKnownFileType = sourcecode.swift; path = User.swift; sourceTree = "<group>"; };
		0CEDAF8529DD00A70094C4F8 /* AuthView.swift */ = {isa = PBXFileReference; lastKnownFileType = sourcecode.swift; path = AuthView.swift; sourceTree = "<group>"; };
/* End PBXFileReference section */

/* Begin PBXFrameworksBuildPhase section */
		0CEDAF2D29DAB1110094C4F8 /* Frameworks */ = {
			isa = PBXFrameworksBuildPhase;
			buildActionMask = 2147483647;
			files = (
				0CEDAF8329DBE3AF0094C4F8 /* Kingfisher in Frameworks */,
				0CEDAF8029DBE2720094C4F8 /* GoogleSignInSwift in Frameworks */,
				0CEDAF7929DBE1D90094C4F8 /* KakaoSDKCommon in Frameworks */,
				0CEDAF7E29DBE2720094C4F8 /* GoogleSignIn in Frameworks */,
				0CEDAF7729DBE1D90094C4F8 /* KakaoSDKAuth in Frameworks */,
				0CEDAF7B29DBE1D90094C4F8 /* KakaoSDKUser in Frameworks */,
			);
			runOnlyForDeploymentPostprocessing = 0;
		};
/* End PBXFrameworksBuildPhase section */

/* Begin PBXGroup section */
		0CEDAF2729DAB1110094C4F8 = {
			isa = PBXGroup;
			children = (
				0CEDAF3229DAB1110094C4F8 /* Got_thing */,
				0CEDAF3129DAB1110094C4F8 /* Products */,
			);
			sourceTree = "<group>";
		};
		0CEDAF3129DAB1110094C4F8 /* Products */ = {
			isa = PBXGroup;
			children = (
				0CEDAF3029DAB1110094C4F8 /* Got_thing.app */,
			);
			name = Products;
			sourceTree = "<group>";
		};
		0CEDAF3229DAB1110094C4F8 /* Got_thing */ = {
			isa = PBXGroup;
			children = (
				0CEDAF3329DAB1110094C4F8 /* Got_thingApp.swift */,
				0CEDAF4129DAB1CE0094C4F8 /* Configuration */,
				0CEDAF5729DAB4510094C4F8 /* Source */,
				0CEDAF3729DAB1120094C4F8 /* Assets.xcassets */,
				0CEDAF3929DAB1120094C4F8 /* Preview Content */,
			);
			path = Got_thing;
			sourceTree = "<group>";
		};
		0CEDAF3929DAB1120094C4F8 /* Preview Content */ = {
			isa = PBXGroup;
			children = (
				0CEDAF3A29DAB1120094C4F8 /* Preview Assets.xcassets */,
			);
			path = "Preview Content";
			sourceTree = "<group>";
		};
		0CEDAF4129DAB1CE0094C4F8 /* Configuration */ = {
			isa = PBXGroup;
			children = (
				0CEDAF4429DAB1FB0094C4F8 /* Constants */,
				0CEDAF4329DAB1EE0094C4F8 /* Extensions */,
				0CEDAF4229DAB1DB0094C4F8 /* Modifiers */,
			);
			path = Configuration;
			sourceTree = "<group>";
		};
		0CEDAF4229DAB1DB0094C4F8 /* Modifiers */ = {
			isa = PBXGroup;
			children = (
				0CEDAF5329DAB3490094C4F8 /* BtnModifier.swift */,
				0CEDAF5529DAB3510094C4F8 /* TextFieldModifier.swift */,
			);
			path = Modifiers;
			sourceTree = "<group>";
		};
		0CEDAF4329DAB1EE0094C4F8 /* Extensions */ = {
			isa = PBXGroup;
			children = (
				0CEDAF4729DAB2680094C4F8 /* Ex+Color.swift */,
				0CEDAF4929DAB2BF0094C4F8 /* Ex+Date.swift */,
				0CEDAF4B29DAB2E60094C4F8 /* Ex+EmptyPlaceholder.swift */,
				0CEDAF4D29DAB2EA0094C4F8 /* Ex+String.swift */,
				0CEDAF4F29DAB2EF0094C4F8 /* Ex+View.swift */,
			);
			path = Extensions;
			sourceTree = "<group>";
		};
		0CEDAF4429DAB1FB0094C4F8 /* Constants */ = {
			isa = PBXGroup;
			children = (
				0CEDAF4529DAB21F0094C4F8 /* Constants.swift */,
			);
			path = Constants;
			sourceTree = "<group>";
		};
		0CEDAF5729DAB4510094C4F8 /* Source */ = {
			isa = PBXGroup;
			children = (
				0CEDAF5B29DAB4750094C4F8 /* AuthStores */,
				0CEDAF5A29DAB46E0094C4F8 /* Views */,
				0CEDAF5929DAB4660094C4F8 /* ViewModels */,
				0CEDAF5829DAB45A0094C4F8 /* Models */,
			);
			path = Source;
			sourceTree = "<group>";
		};
		0CEDAF5829DAB45A0094C4F8 /* Models */ = {
			isa = PBXGroup;
			children = (
				0CEDAF7329DAB83B0094C4F8 /* User.swift */,
			);
			path = Models;
			sourceTree = "<group>";
		};
		0CEDAF5929DAB4660094C4F8 /* ViewModels */ = {
			isa = PBXGroup;
			children = (
				0CEDAF6D29DAB7F00094C4F8 /* HomeViewModel.swift */,
				0CEDAF6F29DAB7FA0094C4F8 /* MyPageViewModel.swift */,
				0CEDAF7129DAB8050094C4F8 /* ChatViewModel.swift */,
			);
			path = ViewModels;
			sourceTree = "<group>";
		};
		0CEDAF5A29DAB46E0094C4F8 /* Views */ = {
			isa = PBXGroup;
			children = (
				0CEDAF3529DAB1110094C4F8 /* ContentView.swift */,
				0CEDAF8429DD00960094C4F8 /* Auth */,
				0CEDAF6329DAB6610094C4F8 /* MyPage */,
				0CEDAF6229DAB6350094C4F8 /* Chat */,
				0CEDAF6029DAB6260094C4F8 /* Home */,
			);
			path = Views;
			sourceTree = "<group>";
		};
		0CEDAF5B29DAB4750094C4F8 /* AuthStores */ = {
			isa = PBXGroup;
			children = (
				0CEDAF5C29DAB4BC0094C4F8 /* KakaoAuth.swift */,
				0CEDAF5E29DAB4C80094C4F8 /* AppleAuth.swift */,
			);
			path = AuthStores;
			sourceTree = "<group>";
		};
		0CEDAF6029DAB6260094C4F8 /* Home */ = {
			isa = PBXGroup;
			children = (
				0CEDAF6829DAB7940094C4F8 /* HomeView.swift */,
			);
			path = Home;
			sourceTree = "<group>";
		};
		0CEDAF6229DAB6350094C4F8 /* Chat */ = {
			isa = PBXGroup;
			children = (
				0CEDAF6629DAB77B0094C4F8 /* ChatListView.swift */,
			);
			path = Chat;
			sourceTree = "<group>";
		};
		0CEDAF6329DAB6610094C4F8 /* MyPage */ = {
			isa = PBXGroup;
			children = (
				0CEDAF6429DAB75D0094C4F8 /* MyPageMainView.swift */,
			);
			path = MyPage;
			sourceTree = "<group>";
		};
		0CEDAF8429DD00960094C4F8 /* Auth */ = {
			isa = PBXGroup;
			children = (
				0CEDAF8529DD00A70094C4F8 /* AuthView.swift */,
			);
			path = Auth;
			sourceTree = "<group>";
		};
/* End PBXGroup section */

/* Begin PBXNativeTarget section */
		0CEDAF2F29DAB1110094C4F8 /* Got_thing */ = {
			isa = PBXNativeTarget;
			buildConfigurationList = 0CEDAF3E29DAB1120094C4F8 /* Build configuration list for PBXNativeTarget "Got_thing" */;
			buildPhases = (
				0CEDAF2C29DAB1110094C4F8 /* Sources */,
				0CEDAF2D29DAB1110094C4F8 /* Frameworks */,
				0CEDAF2E29DAB1110094C4F8 /* Resources */,
			);
			buildRules = (
			);
			dependencies = (
			);
			name = Got_thing;
			packageProductDependencies = (
				0CEDAF7629DBE1D90094C4F8 /* KakaoSDKAuth */,
				0CEDAF7829DBE1D90094C4F8 /* KakaoSDKCommon */,
				0CEDAF7A29DBE1D90094C4F8 /* KakaoSDKUser */,
				0CEDAF7D29DBE2720094C4F8 /* GoogleSignIn */,
				0CEDAF7F29DBE2720094C4F8 /* GoogleSignInSwift */,
				0CEDAF8229DBE3AF0094C4F8 /* Kingfisher */,
			);
			productName = Got_thing;
			productReference = 0CEDAF3029DAB1110094C4F8 /* Got_thing.app */;
			productType = "com.apple.product-type.application";
		};
/* End PBXNativeTarget section */

/* Begin PBXProject section */
		0CEDAF2829DAB1110094C4F8 /* Project object */ = {
			isa = PBXProject;
			attributes = {
				BuildIndependentTargetsInParallel = 1;
				LastSwiftUpdateCheck = 1430;
				LastUpgradeCheck = 1430;
				TargetAttributes = {
					0CEDAF2F29DAB1110094C4F8 = {
						CreatedOnToolsVersion = 14.3;
					};
				};
			};
			buildConfigurationList = 0CEDAF2B29DAB1110094C4F8 /* Build configuration list for PBXProject "Got_thing" */;
			compatibilityVersion = "Xcode 14.0";
			developmentRegion = en;
			hasScannedForEncodings = 0;
			knownRegions = (
				en,
				Base,
			);
			mainGroup = 0CEDAF2729DAB1110094C4F8;
			packageReferences = (
				0CEDAF7529DBE1D90094C4F8 /* XCRemoteSwiftPackageReference "kakao-ios-sdk" */,
				0CEDAF7C29DBE2710094C4F8 /* XCRemoteSwiftPackageReference "GoogleSignIn-iOS" */,
				0CEDAF8129DBE3AF0094C4F8 /* XCRemoteSwiftPackageReference "Kingfisher" */,
			);
			productRefGroup = 0CEDAF3129DAB1110094C4F8 /* Products */;
			projectDirPath = "";
			projectRoot = "";
			targets = (
				0CEDAF2F29DAB1110094C4F8 /* Got_thing */,
			);
		};
/* End PBXProject section */

/* Begin PBXResourcesBuildPhase section */
		0CEDAF2E29DAB1110094C4F8 /* Resources */ = {
			isa = PBXResourcesBuildPhase;
			buildActionMask = 2147483647;
			files = (
				0CEDAF3B29DAB1120094C4F8 /* Preview Assets.xcassets in Resources */,
				0CEDAF3829DAB1120094C4F8 /* Assets.xcassets in Resources */,
			);
			runOnlyForDeploymentPostprocessing = 0;
		};
/* End PBXResourcesBuildPhase section */

/* Begin PBXSourcesBuildPhase section */
		0CEDAF2C29DAB1110094C4F8 /* Sources */ = {
			isa = PBXSourcesBuildPhase;
			buildActionMask = 2147483647;
			files = (
				0CEDAF5D29DAB4BC0094C4F8 /* KakaoAuth.swift in Sources */,
				0CEDAF4E29DAB2EA0094C4F8 /* Ex+String.swift in Sources */,
				0CEDAF5F29DAB4C80094C4F8 /* AppleAuth.swift in Sources */,
				0CEDAF6E29DAB7F00094C4F8 /* HomeViewModel.swift in Sources */,
				0CEDAF6929DAB7940094C4F8 /* HomeView.swift in Sources */,
				0CEDAF4C29DAB2E60094C4F8 /* Ex+EmptyPlaceholder.swift in Sources */,
				0CEDAF8629DD00A70094C4F8 /* AuthView.swift in Sources */,
				0CEDAF7029DAB7FA0094C4F8 /* MyPageViewModel.swift in Sources */,
				0CEDAF4829DAB2680094C4F8 /* Ex+Color.swift in Sources */,
				0CEDAF5029DAB2EF0094C4F8 /* Ex+View.swift in Sources */,
				0CEDAF3629DAB1110094C4F8 /* ContentView.swift in Sources */,
				0CEDAF5429DAB3490094C4F8 /* BtnModifier.swift in Sources */,
				0CEDAF5629DAB3510094C4F8 /* TextFieldModifier.swift in Sources */,
				0CEDAF6529DAB75D0094C4F8 /* MyPageMainView.swift in Sources */,
				0CEDAF6729DAB77B0094C4F8 /* ChatListView.swift in Sources */,
				0CEDAF4A29DAB2BF0094C4F8 /* Ex+Date.swift in Sources */,
				0CEDAF3429DAB1110094C4F8 /* Got_thingApp.swift in Sources */,
				0CEDAF7229DAB8050094C4F8 /* ChatViewModel.swift in Sources */,
				0CEDAF4629DAB21F0094C4F8 /* Constants.swift in Sources */,
				0CEDAF7429DAB83B0094C4F8 /* User.swift in Sources */,
			);
			runOnlyForDeploymentPostprocessing = 0;
		};
/* End PBXSourcesBuildPhase section */

/* Begin XCBuildConfiguration section */
		0CEDAF3C29DAB1120094C4F8 /* Debug */ = {
			isa = XCBuildConfiguration;
			buildSettings = {
				ALWAYS_SEARCH_USER_PATHS = NO;
				CLANG_ANALYZER_NONNULL = YES;
				CLANG_ANALYZER_NUMBER_OBJECT_CONVERSION = YES_AGGRESSIVE;
				CLANG_CXX_LANGUAGE_STANDARD = "gnu++20";
				CLANG_ENABLE_MODULES = YES;
				CLANG_ENABLE_OBJC_ARC = YES;
				CLANG_ENABLE_OBJC_WEAK = YES;
				CLANG_WARN_BLOCK_CAPTURE_AUTORELEASING = YES;
				CLANG_WARN_BOOL_CONVERSION = YES;
				CLANG_WARN_COMMA = YES;
				CLANG_WARN_CONSTANT_CONVERSION = YES;
				CLANG_WARN_DEPRECATED_OBJC_IMPLEMENTATIONS = YES;
				CLANG_WARN_DIRECT_OBJC_ISA_USAGE = YES_ERROR;
				CLANG_WARN_DOCUMENTATION_COMMENTS = YES;
				CLANG_WARN_EMPTY_BODY = YES;
				CLANG_WARN_ENUM_CONVERSION = YES;
				CLANG_WARN_INFINITE_RECURSION = YES;
				CLANG_WARN_INT_CONVERSION = YES;
				CLANG_WARN_NON_LITERAL_NULL_CONVERSION = YES;
				CLANG_WARN_OBJC_IMPLICIT_RETAIN_SELF = YES;
				CLANG_WARN_OBJC_LITERAL_CONVERSION = YES;
				CLANG_WARN_OBJC_ROOT_CLASS = YES_ERROR;
				CLANG_WARN_QUOTED_INCLUDE_IN_FRAMEWORK_HEADER = YES;
				CLANG_WARN_RANGE_LOOP_ANALYSIS = YES;
				CLANG_WARN_STRICT_PROTOTYPES = YES;
				CLANG_WARN_SUSPICIOUS_MOVE = YES;
				CLANG_WARN_UNGUARDED_AVAILABILITY = YES_AGGRESSIVE;
				CLANG_WARN_UNREACHABLE_CODE = YES;
				CLANG_WARN__DUPLICATE_METHOD_MATCH = YES;
				COPY_PHASE_STRIP = NO;
				DEBUG_INFORMATION_FORMAT = dwarf;
				ENABLE_STRICT_OBJC_MSGSEND = YES;
				ENABLE_TESTABILITY = YES;
				GCC_C_LANGUAGE_STANDARD = gnu11;
				GCC_DYNAMIC_NO_PIC = NO;
				GCC_NO_COMMON_BLOCKS = YES;
				GCC_OPTIMIZATION_LEVEL = 0;
				GCC_PREPROCESSOR_DEFINITIONS = (
					"DEBUG=1",
					"$(inherited)",
				);
				GCC_WARN_64_TO_32_BIT_CONVERSION = YES;
				GCC_WARN_ABOUT_RETURN_TYPE = YES_ERROR;
				GCC_WARN_UNDECLARED_SELECTOR = YES;
				GCC_WARN_UNINITIALIZED_AUTOS = YES_AGGRESSIVE;
				GCC_WARN_UNUSED_FUNCTION = YES;
				GCC_WARN_UNUSED_VARIABLE = YES;
				IPHONEOS_DEPLOYMENT_TARGET = 16.4;
				MTL_ENABLE_DEBUG_INFO = INCLUDE_SOURCE;
				MTL_FAST_MATH = YES;
				ONLY_ACTIVE_ARCH = YES;
				SDKROOT = iphoneos;
				SWIFT_ACTIVE_COMPILATION_CONDITIONS = DEBUG;
				SWIFT_OPTIMIZATION_LEVEL = "-Onone";
			};
			name = Debug;
		};
		0CEDAF3D29DAB1120094C4F8 /* Release */ = {
			isa = XCBuildConfiguration;
			buildSettings = {
				ALWAYS_SEARCH_USER_PATHS = NO;
				CLANG_ANALYZER_NONNULL = YES;
				CLANG_ANALYZER_NUMBER_OBJECT_CONVERSION = YES_AGGRESSIVE;
				CLANG_CXX_LANGUAGE_STANDARD = "gnu++20";
				CLANG_ENABLE_MODULES = YES;
				CLANG_ENABLE_OBJC_ARC = YES;
				CLANG_ENABLE_OBJC_WEAK = YES;
				CLANG_WARN_BLOCK_CAPTURE_AUTORELEASING = YES;
				CLANG_WARN_BOOL_CONVERSION = YES;
				CLANG_WARN_COMMA = YES;
				CLANG_WARN_CONSTANT_CONVERSION = YES;
				CLANG_WARN_DEPRECATED_OBJC_IMPLEMENTATIONS = YES;
				CLANG_WARN_DIRECT_OBJC_ISA_USAGE = YES_ERROR;
				CLANG_WARN_DOCUMENTATION_COMMENTS = YES;
				CLANG_WARN_EMPTY_BODY = YES;
				CLANG_WARN_ENUM_CONVERSION = YES;
				CLANG_WARN_INFINITE_RECURSION = YES;
				CLANG_WARN_INT_CONVERSION = YES;
				CLANG_WARN_NON_LITERAL_NULL_CONVERSION = YES;
				CLANG_WARN_OBJC_IMPLICIT_RETAIN_SELF = YES;
				CLANG_WARN_OBJC_LITERAL_CONVERSION = YES;
				CLANG_WARN_OBJC_ROOT_CLASS = YES_ERROR;
				CLANG_WARN_QUOTED_INCLUDE_IN_FRAMEWORK_HEADER = YES;
				CLANG_WARN_RANGE_LOOP_ANALYSIS = YES;
				CLANG_WARN_STRICT_PROTOTYPES = YES;
				CLANG_WARN_SUSPICIOUS_MOVE = YES;
				CLANG_WARN_UNGUARDED_AVAILABILITY = YES_AGGRESSIVE;
				CLANG_WARN_UNREACHABLE_CODE = YES;
				CLANG_WARN__DUPLICATE_METHOD_MATCH = YES;
				COPY_PHASE_STRIP = NO;
				DEBUG_INFORMATION_FORMAT = "dwarf-with-dsym";
				ENABLE_NS_ASSERTIONS = NO;
				ENABLE_STRICT_OBJC_MSGSEND = YES;
				GCC_C_LANGUAGE_STANDARD = gnu11;
				GCC_NO_COMMON_BLOCKS = YES;
				GCC_WARN_64_TO_32_BIT_CONVERSION = YES;
				GCC_WARN_ABOUT_RETURN_TYPE = YES_ERROR;
				GCC_WARN_UNDECLARED_SELECTOR = YES;
				GCC_WARN_UNINITIALIZED_AUTOS = YES_AGGRESSIVE;
				GCC_WARN_UNUSED_FUNCTION = YES;
				GCC_WARN_UNUSED_VARIABLE = YES;
				IPHONEOS_DEPLOYMENT_TARGET = 16.4;
				MTL_ENABLE_DEBUG_INFO = NO;
				MTL_FAST_MATH = YES;
				SDKROOT = iphoneos;
				SWIFT_COMPILATION_MODE = wholemodule;
				SWIFT_OPTIMIZATION_LEVEL = "-O";
				VALIDATE_PRODUCT = YES;
			};
			name = Release;
		};
		0CEDAF3F29DAB1120094C4F8 /* Debug */ = {
			isa = XCBuildConfiguration;
			buildSettings = {
				ASSETCATALOG_COMPILER_APPICON_NAME = AppIcon;
				ASSETCATALOG_COMPILER_GLOBAL_ACCENT_COLOR_NAME = AccentColor;
				CODE_SIGN_STYLE = Automatic;
				CURRENT_PROJECT_VERSION = 1;
				DEVELOPMENT_ASSET_PATHS = "\"Got_thing/Preview Content\"";
				DEVELOPMENT_TEAM = Y84Q82Q5S8;
				ENABLE_PREVIEWS = YES;
				GENERATE_INFOPLIST_FILE = YES;
				INFOPLIST_KEY_UIApplicationSceneManifest_Generation = YES;
				INFOPLIST_KEY_UIApplicationSupportsIndirectInputEvents = YES;
				INFOPLIST_KEY_UILaunchScreen_Generation = YES;
				INFOPLIST_KEY_UISupportedInterfaceOrientations_iPad = "UIInterfaceOrientationPortrait UIInterfaceOrientationPortraitUpsideDown UIInterfaceOrientationLandscapeLeft UIInterfaceOrientationLandscapeRight";
				INFOPLIST_KEY_UISupportedInterfaceOrientations_iPhone = "UIInterfaceOrientationPortrait UIInterfaceOrientationLandscapeLeft UIInterfaceOrientationLandscapeRight";
				LD_RUNPATH_SEARCH_PATHS = (
					"$(inherited)",
					"@executable_path/Frameworks",
				);
				MARKETING_VERSION = 1.0;
				PRODUCT_BUNDLE_IDENTIFIER = "com.sequence.Got-thing";
				PRODUCT_NAME = "$(TARGET_NAME)";
				SWIFT_EMIT_LOC_STRINGS = YES;
				SWIFT_VERSION = 5.0;
				TARGETED_DEVICE_FAMILY = "1,2";
			};
			name = Debug;
		};
		0CEDAF4029DAB1120094C4F8 /* Release */ = {
			isa = XCBuildConfiguration;
			buildSettings = {
				ASSETCATALOG_COMPILER_APPICON_NAME = AppIcon;
				ASSETCATALOG_COMPILER_GLOBAL_ACCENT_COLOR_NAME = AccentColor;
				CODE_SIGN_STYLE = Automatic;
				CURRENT_PROJECT_VERSION = 1;
				DEVELOPMENT_ASSET_PATHS = "\"Got_thing/Preview Content\"";
				DEVELOPMENT_TEAM = Y84Q82Q5S8;
				ENABLE_PREVIEWS = YES;
				GENERATE_INFOPLIST_FILE = YES;
				INFOPLIST_KEY_UIApplicationSceneManifest_Generation = YES;
				INFOPLIST_KEY_UIApplicationSupportsIndirectInputEvents = YES;
				INFOPLIST_KEY_UILaunchScreen_Generation = YES;
				INFOPLIST_KEY_UISupportedInterfaceOrientations_iPad = "UIInterfaceOrientationPortrait UIInterfaceOrientationPortraitUpsideDown UIInterfaceOrientationLandscapeLeft UIInterfaceOrientationLandscapeRight";
				INFOPLIST_KEY_UISupportedInterfaceOrientations_iPhone = "UIInterfaceOrientationPortrait UIInterfaceOrientationLandscapeLeft UIInterfaceOrientationLandscapeRight";
				LD_RUNPATH_SEARCH_PATHS = (
					"$(inherited)",
					"@executable_path/Frameworks",
				);
				MARKETING_VERSION = 1.0;
				PRODUCT_BUNDLE_IDENTIFIER = "com.sequence.Got-thing";
				PRODUCT_NAME = "$(TARGET_NAME)";
				SWIFT_EMIT_LOC_STRINGS = YES;
				SWIFT_VERSION = 5.0;
				TARGETED_DEVICE_FAMILY = "1,2";
			};
			name = Release;
		};
/* End XCBuildConfiguration section */

/* Begin XCConfigurationList section */
		0CEDAF2B29DAB1110094C4F8 /* Build configuration list for PBXProject "Got_thing" */ = {
			isa = XCConfigurationList;
			buildConfigurations = (
				0CEDAF3C29DAB1120094C4F8 /* Debug */,
				0CEDAF3D29DAB1120094C4F8 /* Release */,
			);
			defaultConfigurationIsVisible = 0;
			defaultConfigurationName = Release;
		};
		0CEDAF3E29DAB1120094C4F8 /* Build configuration list for PBXNativeTarget "Got_thing" */ = {
			isa = XCConfigurationList;
			buildConfigurations = (
				0CEDAF3F29DAB1120094C4F8 /* Debug */,
				0CEDAF4029DAB1120094C4F8 /* Release */,
			);
			defaultConfigurationIsVisible = 0;
			defaultConfigurationName = Release;
		};
/* End XCConfigurationList section */

/* Begin XCRemoteSwiftPackageReference section */
		0CEDAF7529DBE1D90094C4F8 /* XCRemoteSwiftPackageReference "kakao-ios-sdk" */ = {
			isa = XCRemoteSwiftPackageReference;
			repositoryURL = "https://github.com/kakao/kakao-ios-sdk";
			requirement = {
				branch = master;
				kind = branch;
			};
		};
		0CEDAF7C29DBE2710094C4F8 /* XCRemoteSwiftPackageReference "GoogleSignIn-iOS" */ = {
			isa = XCRemoteSwiftPackageReference;
			repositoryURL = "https://github.com/google/GoogleSignIn-iOS";
			requirement = {
				branch = main;
				kind = branch;
			};
		};
		0CEDAF8129DBE3AF0094C4F8 /* XCRemoteSwiftPackageReference "Kingfisher" */ = {
			isa = XCRemoteSwiftPackageReference;
			repositoryURL = "https://github.com/onevcat/Kingfisher.git";
			requirement = {
				branch = master;
				kind = branch;
			};
		};
/* End XCRemoteSwiftPackageReference section */

/* Begin XCSwiftPackageProductDependency section */
		0CEDAF7629DBE1D90094C4F8 /* KakaoSDKAuth */ = {
			isa = XCSwiftPackageProductDependency;
			package = 0CEDAF7529DBE1D90094C4F8 /* XCRemoteSwiftPackageReference "kakao-ios-sdk" */;
			productName = KakaoSDKAuth;
		};
		0CEDAF7829DBE1D90094C4F8 /* KakaoSDKCommon */ = {
			isa = XCSwiftPackageProductDependency;
			package = 0CEDAF7529DBE1D90094C4F8 /* XCRemoteSwiftPackageReference "kakao-ios-sdk" */;
			productName = KakaoSDKCommon;
		};
		0CEDAF7A29DBE1D90094C4F8 /* KakaoSDKUser */ = {
			isa = XCSwiftPackageProductDependency;
			package = 0CEDAF7529DBE1D90094C4F8 /* XCRemoteSwiftPackageReference "kakao-ios-sdk" */;
			productName = KakaoSDKUser;
		};
		0CEDAF7D29DBE2720094C4F8 /* GoogleSignIn */ = {
			isa = XCSwiftPackageProductDependency;
			package = 0CEDAF7C29DBE2710094C4F8 /* XCRemoteSwiftPackageReference "GoogleSignIn-iOS" */;
			productName = GoogleSignIn;
		};
		0CEDAF7F29DBE2720094C4F8 /* GoogleSignInSwift */ = {
			isa = XCSwiftPackageProductDependency;
			package = 0CEDAF7C29DBE2710094C4F8 /* XCRemoteSwiftPackageReference "GoogleSignIn-iOS" */;
			productName = GoogleSignInSwift;
		};
		0CEDAF8229DBE3AF0094C4F8 /* Kingfisher */ = {
			isa = XCSwiftPackageProductDependency;
			package = 0CEDAF8129DBE3AF0094C4F8 /* XCRemoteSwiftPackageReference "Kingfisher" */;
			productName = Kingfisher;
		};
/* End XCSwiftPackageProductDependency section */
	};
	rootObject = 0CEDAF2829DAB1110094C4F8 /* Project object */;
}
